// !$*UTF8*$!
{
	archiveVersion = 1;
	classes = {
	};
	objectVersion = 50;
	objects = {

/* Begin PBXBuildFile section */
		AC9948E926001A00009A6A4F /* observable_demoApp.swift in Sources */ = {isa = PBXBuildFile; fileRef = AC9948D6260019FB009A6A4F /* observable_demoApp.swift */; };
		AC9948EA26001A00009A6A4F /* observable_demoApp.swift in Sources */ = {isa = PBXBuildFile; fileRef = AC9948D6260019FB009A6A4F /* observable_demoApp.swift */; };
		AC9948EB26001A00009A6A4F /* ContentView.swift in Sources */ = {isa = PBXBuildFile; fileRef = AC9948D7260019FB009A6A4F /* ContentView.swift */; };
		AC9948EC26001A00009A6A4F /* ContentView.swift in Sources */ = {isa = PBXBuildFile; fileRef = AC9948D7260019FB009A6A4F /* ContentView.swift */; };
		AC9948ED26001A00009A6A4F /* Assets.xcassets in Resources */ = {isa = PBXBuildFile; fileRef = AC9948D826001A00009A6A4F /* Assets.xcassets */; };
		AC9948EE26001A00009A6A4F /* Assets.xcassets in Resources */ = {isa = PBXBuildFile; fileRef = AC9948D826001A00009A6A4F /* Assets.xcassets */; };
		AC9948FD26001AB8009A6A4F /* GoalCollectionView.swift in Sources */ = {isa = PBXBuildFile; fileRef = AC9948FC26001AB8009A6A4F /* GoalCollectionView.swift */; };
		AC99490326001AD1009A6A4F /* GoalDetailView.swift in Sources */ = {isa = PBXBuildFile; fileRef = AC99490226001AD1009A6A4F /* GoalDetailView.swift */; };
		AC99490726001AE8009A6A4F /* GoalSettingsView.swift in Sources */ = {isa = PBXBuildFile; fileRef = AC99490626001AE8009A6A4F /* GoalSettingsView.swift */; };
		AC99490B26001AFA009A6A4F /* NewGoalView.swift in Sources */ = {isa = PBXBuildFile; fileRef = AC99490A26001AFA009A6A4F /* NewGoalView.swift */; };
		AC99490F26001B23009A6A4F /* GoalCollectionDataStore.swift in Sources */ = {isa = PBXBuildFile; fileRef = AC99490E26001B23009A6A4F /* GoalCollectionDataStore.swift */; };
		AC99491726001BF2009A6A4F /* Goal.swift in Sources */ = {isa = PBXBuildFile; fileRef = AC99491626001BF2009A6A4F /* Goal.swift */; };
		AC99491D26005C57009A6A4F /* README.md in Resources */ = {isa = PBXBuildFile; fileRef = AC99491C26005C56009A6A4F /* README.md */; };
		AC99492526005E67009A6A4F /* GoalDetailView.png in Resources */ = {isa = PBXBuildFile; fileRef = AC99492126005E67009A6A4F /* GoalDetailView.png */; };
		AC99492626005E67009A6A4F /* GoalSettingsView.png in Resources */ = {isa = PBXBuildFile; fileRef = AC99492226005E67009A6A4F /* GoalSettingsView.png */; };
		AC99492826005E67009A6A4F /* NewGoalView.png in Resources */ = {isa = PBXBuildFile; fileRef = AC99492426005E67009A6A4F /* NewGoalView.png */; };
		AC99492C2600621A009A6A4F /* GoalCollectionView.png in Resources */ = {isa = PBXBuildFile; fileRef = AC99492B2600621A009A6A4F /* GoalCollectionView.png */; };
/* End PBXBuildFile section */

/* Begin PBXFileReference section */
		AC9948D6260019FB009A6A4F /* observable_demoApp.swift */ = {isa = PBXFileReference; lastKnownFileType = sourcecode.swift; path = observable_demoApp.swift; sourceTree = "<group>"; };
		AC9948D7260019FB009A6A4F /* ContentView.swift */ = {isa = PBXFileReference; lastKnownFileType = sourcecode.swift; path = ContentView.swift; sourceTree = "<group>"; };
		AC9948D826001A00009A6A4F /* Assets.xcassets */ = {isa = PBXFileReference; lastKnownFileType = folder.assetcatalog; path = Assets.xcassets; sourceTree = "<group>"; };
		AC9948DD26001A00009A6A4F /* observable-demo.app */ = {isa = PBXFileReference; explicitFileType = wrapper.application; includeInIndex = 0; path = "observable-demo.app"; sourceTree = BUILT_PRODUCTS_DIR; };
		AC9948E026001A00009A6A4F /* Info.plist */ = {isa = PBXFileReference; lastKnownFileType = text.plist.xml; path = Info.plist; sourceTree = "<group>"; };
		AC9948E526001A00009A6A4F /* observable-demo.app */ = {isa = PBXFileReference; explicitFileType = wrapper.application; includeInIndex = 0; path = "observable-demo.app"; sourceTree = BUILT_PRODUCTS_DIR; };
		AC9948E726001A00009A6A4F /* Info.plist */ = {isa = PBXFileReference; lastKnownFileType = text.plist.xml; path = Info.plist; sourceTree = "<group>"; };
		AC9948E826001A00009A6A4F /* macOS.entitlements */ = {isa = PBXFileReference; lastKnownFileType = text.plist.entitlements; path = macOS.entitlements; sourceTree = "<group>"; };
		AC9948FC26001AB8009A6A4F /* GoalCollectionView.swift */ = {isa = PBXFileReference; lastKnownFileType = sourcecode.swift; path = GoalCollectionView.swift; sourceTree = "<group>"; };
		AC99490226001AD1009A6A4F /* GoalDetailView.swift */ = {isa = PBXFileReference; lastKnownFileType = sourcecode.swift; path = GoalDetailView.swift; sourceTree = "<group>"; };
		AC99490626001AE8009A6A4F /* GoalSettingsView.swift */ = {isa = PBXFileReference; lastKnownFileType = sourcecode.swift; path = GoalSettingsView.swift; sourceTree = "<group>"; };
		AC99490A26001AFA009A6A4F /* NewGoalView.swift */ = {isa = PBXFileReference; lastKnownFileType = sourcecode.swift; path = NewGoalView.swift; sourceTree = "<group>"; };
		AC99490E26001B23009A6A4F /* GoalCollectionDataStore.swift */ = {isa = PBXFileReference; lastKnownFileType = sourcecode.swift; path = GoalCollectionDataStore.swift; sourceTree = "<group>"; };
		AC99491626001BF2009A6A4F /* Goal.swift */ = {isa = PBXFileReference; lastKnownFileType = sourcecode.swift; path = Goal.swift; sourceTree = "<group>"; };
		AC99491C26005C56009A6A4F /* README.md */ = {isa = PBXFileReference; fileEncoding = 4; lastKnownFileType = net.daringfireball.markdown; path = README.md; sourceTree = "<group>"; };
		AC99492126005E67009A6A4F /* GoalDetailView.png */ = {isa = PBXFileReference; lastKnownFileType = image.png; path = GoalDetailView.png; sourceTree = "<group>"; };
		AC99492226005E67009A6A4F /* GoalSettingsView.png */ = {isa = PBXFileReference; lastKnownFileType = image.png; path = GoalSettingsView.png; sourceTree = "<group>"; };
		AC99492426005E67009A6A4F /* NewGoalView.png */ = {isa = PBXFileReference; lastKnownFileType = image.png; path = NewGoalView.png; sourceTree = "<group>"; };
		AC99492B2600621A009A6A4F /* GoalCollectionView.png */ = {isa = PBXFileReference; lastKnownFileType = image.png; name = GoalCollectionView.png; path = ../../../Documents/GoalCollectionView.png; sourceTree = "<group>"; };
/* End PBXFileReference section */

/* Begin PBXFrameworksBuildPhase section */
		AC9948DA26001A00009A6A4F /* Frameworks */ = {
			isa = PBXFrameworksBuildPhase;
			buildActionMask = 2147483647;
			files = (
			);
			runOnlyForDeploymentPostprocessing = 0;
		};
		AC9948E226001A00009A6A4F /* Frameworks */ = {
			isa = PBXFrameworksBuildPhase;
			buildActionMask = 2147483647;
			files = (
			);
			runOnlyForDeploymentPostprocessing = 0;
		};
/* End PBXFrameworksBuildPhase section */

/* Begin PBXGroup section */
		AC9948D0260019FB009A6A4F = {
			isa = PBXGroup;
			children = (
				AC99492026005D1B009A6A4F /* Screenshots */,
				AC99491C26005C56009A6A4F /* README.md */,
				AC9948D5260019FB009A6A4F /* Shared */,
				AC9948DF26001A00009A6A4F /* iOS */,
				AC9948E626001A00009A6A4F /* macOS */,
				AC9948DE26001A00009A6A4F /* Products */,
			);
			sourceTree = "<group>";
		};
		AC9948D5260019FB009A6A4F /* Shared */ = {
			isa = PBXGroup;
			children = (
				AC9948FB26001A93009A6A4F /* Views */,
				AC9948FA26001A45009A6A4F /* Models */,
				AC9948F926001A36009A6A4F /* Datastores */,
				AC9948D6260019FB009A6A4F /* observable_demoApp.swift */,
				AC9948D7260019FB009A6A4F /* ContentView.swift */,
				AC9948D826001A00009A6A4F /* Assets.xcassets */,
			);
			path = Shared;
			sourceTree = "<group>";
		};
		AC9948DE26001A00009A6A4F /* Products */ = {
			isa = PBXGroup;
			children = (
				AC9948DD26001A00009A6A4F /* observable-demo.app */,
				AC9948E526001A00009A6A4F /* observable-demo.app */,
			);
			name = Products;
			sourceTree = "<group>";
		};
		AC9948DF26001A00009A6A4F /* iOS */ = {
			isa = PBXGroup;
			children = (
				AC9948E026001A00009A6A4F /* Info.plist */,
			);
			path = iOS;
			sourceTree = "<group>";
		};
		AC9948E626001A00009A6A4F /* macOS */ = {
			isa = PBXGroup;
			children = (
				AC9948E726001A00009A6A4F /* Info.plist */,
				AC9948E826001A00009A6A4F /* macOS.entitlements */,
			);
			path = macOS;
			sourceTree = "<group>";
		};
		AC9948F926001A36009A6A4F /* Datastores */ = {
			isa = PBXGroup;
			children = (
				AC99490E26001B23009A6A4F /* GoalCollectionDataStore.swift */,
			);
			path = Datastores;
			sourceTree = "<group>";
		};
		AC9948FA26001A45009A6A4F /* Models */ = {
			isa = PBXGroup;
			children = (
				AC99491626001BF2009A6A4F /* Goal.swift */,
			);
			path = Models;
			sourceTree = "<group>";
		};
		AC9948FB26001A93009A6A4F /* Views */ = {
			isa = PBXGroup;
			children = (
				AC9948FC26001AB8009A6A4F /* GoalCollectionView.swift */,
				AC99490226001AD1009A6A4F /* GoalDetailView.swift */,
				AC99490626001AE8009A6A4F /* GoalSettingsView.swift */,
				AC99490A26001AFA009A6A4F /* NewGoalView.swift */,
			);
			path = Views;
			sourceTree = "<group>";
		};
		AC99492026005D1B009A6A4F /* Screenshots */ = {
			isa = PBXGroup;
			children = (
				AC99492B2600621A009A6A4F /* GoalCollectionView.png */,
				AC99492126005E67009A6A4F /* GoalDetailView.png */,
				AC99492226005E67009A6A4F /* GoalSettingsView.png */,
				AC99492426005E67009A6A4F /* NewGoalView.png */,
			);
			path = Screenshots;
			sourceTree = "<group>";
		};
/* End PBXGroup section */

/* Begin PBXNativeTarget section */
		AC9948DC26001A00009A6A4F /* observable-demo (iOS) */ = {
			isa = PBXNativeTarget;
			buildConfigurationList = AC9948F126001A00009A6A4F /* Build configuration list for PBXNativeTarget "observable-demo (iOS)" */;
			buildPhases = (
				AC9948D926001A00009A6A4F /* Sources */,
				AC9948DA26001A00009A6A4F /* Frameworks */,
				AC9948DB26001A00009A6A4F /* Resources */,
			);
			buildRules = (
			);
			dependencies = (
			);
			name = "observable-demo (iOS)";
			productName = "observable-demo (iOS)";
			productReference = AC9948DD26001A00009A6A4F /* observable-demo.app */;
			productType = "com.apple.product-type.application";
		};
		AC9948E426001A00009A6A4F /* observable-demo (macOS) */ = {
			isa = PBXNativeTarget;
			buildConfigurationList = AC9948F426001A00009A6A4F /* Build configuration list for PBXNativeTarget "observable-demo (macOS)" */;
			buildPhases = (
				AC9948E126001A00009A6A4F /* Sources */,
				AC9948E226001A00009A6A4F /* Frameworks */,
				AC9948E326001A00009A6A4F /* Resources */,
			);
			buildRules = (
			);
			dependencies = (
			);
			name = "observable-demo (macOS)";
			productName = "observable-demo (macOS)";
			productReference = AC9948E526001A00009A6A4F /* observable-demo.app */;
			productType = "com.apple.product-type.application";
		};
/* End PBXNativeTarget section */

/* Begin PBXProject section */
		AC9948D1260019FB009A6A4F /* Project object */ = {
			isa = PBXProject;
			attributes = {
				LastSwiftUpdateCheck = 1240;
				LastUpgradeCheck = 1240;
				TargetAttributes = {
					AC9948DC26001A00009A6A4F = {
						CreatedOnToolsVersion = 12.4;
					};
					AC9948E426001A00009A6A4F = {
						CreatedOnToolsVersion = 12.4;
					};
				};
			};
			buildConfigurationList = AC9948D4260019FB009A6A4F /* Build configuration list for PBXProject "observable-demo" */;
			compatibilityVersion = "Xcode 9.3";
			developmentRegion = en;
			hasScannedForEncodings = 0;
			knownRegions = (
				en,
				Base,
			);
			mainGroup = AC9948D0260019FB009A6A4F;
			productRefGroup = AC9948DE26001A00009A6A4F /* Products */;
			projectDirPath = "";
			projectRoot = "";
			targets = (
				AC9948DC26001A00009A6A4F /* observable-demo (iOS) */,
				AC9948E426001A00009A6A4F /* observable-demo (macOS) */,
			);
		};
/* End PBXProject section */

/* Begin PBXResourcesBuildPhase section */
		AC9948DB26001A00009A6A4F /* Resources */ = {
			isa = PBXResourcesBuildPhase;
			buildActionMask = 2147483647;
			files = (
				AC99492526005E67009A6A4F /* GoalDetailView.png in Resources */,
				AC99491D26005C57009A6A4F /* README.md in Resources */,
				AC99492826005E67009A6A4F /* NewGoalView.png in Resources */,
				AC99492626005E67009A6A4F /* GoalSettingsView.png in Resources */,
				AC99492C2600621A009A6A4F /* GoalCollectionView.png in Resources */,
				AC9948ED26001A00009A6A4F /* Assets.xcassets in Resources */,
			);
			runOnlyForDeploymentPostprocessing = 0;
		};
		AC9948E326001A00009A6A4F /* Resources */ = {
			isa = PBXResourcesBuildPhase;
			buildActionMask = 2147483647;
			files = (
				AC9948EE26001A00009A6A4F /* Assets.xcassets in Resources */,
			);
			runOnlyForDeploymentPostprocessing = 0;
		};
/* End PBXResourcesBuildPhase section */

/* Begin PBXSourcesBuildPhase section */
		AC9948D926001A00009A6A4F /* Sources */ = {
			isa = PBXSourcesBuildPhase;
			buildActionMask = 2147483647;
			files = (
				AC99490326001AD1009A6A4F /* GoalDetailView.swift in Sources */,
				AC9948FD26001AB8009A6A4F /* GoalCollectionView.swift in Sources */,
				AC9948EB26001A00009A6A4F /* ContentView.swift in Sources */,
				AC9948E926001A00009A6A4F /* observable_demoApp.swift in Sources */,
				AC99490B26001AFA009A6A4F /* NewGoalView.swift in Sources */,
				AC99490F26001B23009A6A4F /* GoalCollectionDataStore.swift in Sources */,
				AC99491726001BF2009A6A4F /* Goal.swift in Sources */,
				AC99490726001AE8009A6A4F /* GoalSettingsView.swift in Sources */,
			);
			runOnlyForDeploymentPostprocessing = 0;
		};
		AC9948E126001A00009A6A4F /* Sources */ = {
			isa = PBXSourcesBuildPhase;
			buildActionMask = 2147483647;
			files = (
				AC9948EC26001A00009A6A4F /* ContentView.swift in Sources */,
				AC9948EA26001A00009A6A4F /* observable_demoApp.swift in Sources */,
			);
			runOnlyForDeploymentPostprocessing = 0;
		};
/* End PBXSourcesBuildPhase section */

/* Begin XCBuildConfiguration section */
		AC9948EF26001A00009A6A4F /* Debug */ = {
			isa = XCBuildConfiguration;
			buildSettings = {
				ALWAYS_SEARCH_USER_PATHS = NO;
				CLANG_ANALYZER_NONNULL = YES;
				CLANG_ANALYZER_NUMBER_OBJECT_CONVERSION = YES_AGGRESSIVE;
				CLANG_CXX_LANGUAGE_STANDARD = "gnu++14";
				CLANG_CXX_LIBRARY = "libc++";
				CLANG_ENABLE_MODULES = YES;
				CLANG_ENABLE_OBJC_ARC = YES;
				CLANG_ENABLE_OBJC_WEAK = YES;
				CLANG_WARN_BLOCK_CAPTURE_AUTORELEASING = YES;
				CLANG_WARN_BOOL_CONVERSION = YES;
				CLANG_WARN_COMMA = YES;
				CLANG_WARN_CONSTANT_CONVERSION = YES;
				CLANG_WARN_DEPRECATED_OBJC_IMPLEMENTATIONS = YES;
				CLANG_WARN_DIRECT_OBJC_ISA_USAGE = YES_ERROR;
				CLANG_WARN_DOCUMENTATION_COMMENTS = YES;
				CLANG_WARN_EMPTY_BODY = YES;
				CLANG_WARN_ENUM_CONVERSION = YES;
				CLANG_WARN_INFINITE_RECURSION = YES;
				CLANG_WARN_INT_CONVERSION = YES;
				CLANG_WARN_NON_LITERAL_NULL_CONVERSION = YES;
				CLANG_WARN_OBJC_IMPLICIT_RETAIN_SELF = YES;
				CLANG_WARN_OBJC_LITERAL_CONVERSION = YES;
				CLANG_WARN_OBJC_ROOT_CLASS = YES_ERROR;
				CLANG_WARN_QUOTED_INCLUDE_IN_FRAMEWORK_HEADER = YES;
				CLANG_WARN_RANGE_LOOP_ANALYSIS = YES;
				CLANG_WARN_STRICT_PROTOTYPES = YES;
				CLANG_WARN_SUSPICIOUS_MOVE = YES;
				CLANG_WARN_UNGUARDED_AVAILABILITY = YES_AGGRESSIVE;
				CLANG_WARN_UNREACHABLE_CODE = YES;
				CLANG_WARN__DUPLICATE_METHOD_MATCH = YES;
				COPY_PHASE_STRIP = NO;
				DEBUG_INFORMATION_FORMAT = dwarf;
				ENABLE_STRICT_OBJC_MSGSEND = YES;
				ENABLE_TESTABILITY = YES;
				GCC_C_LANGUAGE_STANDARD = gnu11;
				GCC_DYNAMIC_NO_PIC = NO;
				GCC_NO_COMMON_BLOCKS = YES;
				GCC_OPTIMIZATION_LEVEL = 0;
				GCC_PREPROCESSOR_DEFINITIONS = (
					"DEBUG=1",
					"$(inherited)",
				);
				GCC_WARN_64_TO_32_BIT_CONVERSION = YES;
				GCC_WARN_ABOUT_RETURN_TYPE = YES_ERROR;
				GCC_WARN_UNDECLARED_SELECTOR = YES;
				GCC_WARN_UNINITIALIZED_AUTOS = YES_AGGRESSIVE;
				GCC_WARN_UNUSED_FUNCTION = YES;
				GCC_WARN_UNUSED_VARIABLE = YES;
				MTL_ENABLE_DEBUG_INFO = INCLUDE_SOURCE;
				MTL_FAST_MATH = YES;
				ONLY_ACTIVE_ARCH = YES;
				SWIFT_ACTIVE_COMPILATION_CONDITIONS = DEBUG;
				SWIFT_OPTIMIZATION_LEVEL = "-Onone";
			};
			name = Debug;
		};
		AC9948F026001A00009A6A4F /* Release */ = {
			isa = XCBuildConfiguration;
			buildSettings = {
				ALWAYS_SEARCH_USER_PATHS = NO;
				CLANG_ANALYZER_NONNULL = YES;
				CLANG_ANALYZER_NUMBER_OBJECT_CONVERSION = YES_AGGRESSIVE;
				CLANG_CXX_LANGUAGE_STANDARD = "gnu++14";
				CLANG_CXX_LIBRARY = "libc++";
				CLANG_ENABLE_MODULES = YES;
				CLANG_ENABLE_OBJC_ARC = YES;
				CLANG_ENABLE_OBJC_WEAK = YES;
				CLANG_WARN_BLOCK_CAPTURE_AUTORELEASING = YES;
				CLANG_WARN_BOOL_CONVERSION = YES;
				CLANG_WARN_COMMA = YES;
				CLANG_WARN_CONSTANT_CONVERSION = YES;
				CLANG_WARN_DEPRECATED_OBJC_IMPLEMENTATIONS = YES;
				CLANG_WARN_DIRECT_OBJC_ISA_USAGE = YES_ERROR;
				CLANG_WARN_DOCUMENTATION_COMMENTS = YES;
				CLANG_WARN_EMPTY_BODY = YES;
				CLANG_WARN_ENUM_CONVERSION = YES;
				CLANG_WARN_INFINITE_RECURSION = YES;
				CLANG_WARN_INT_CONVERSION = YES;
				CLANG_WARN_NON_LITERAL_NULL_CONVERSION = YES;
				CLANG_WARN_OBJC_IMPLICIT_RETAIN_SELF = YES;
				CLANG_WARN_OBJC_LITERAL_CONVERSION = YES;
				CLANG_WARN_OBJC_ROOT_CLASS = YES_ERROR;
				CLANG_WARN_QUOTED_INCLUDE_IN_FRAMEWORK_HEADER = YES;
				CLANG_WARN_RANGE_LOOP_ANALYSIS = YES;
				CLANG_WARN_STRICT_PROTOTYPES = YES;
				CLANG_WARN_SUSPICIOUS_MOVE = YES;
				CLANG_WARN_UNGUARDED_AVAILABILITY = YES_AGGRESSIVE;
				CLANG_WARN_UNREACHABLE_CODE = YES;
				CLANG_WARN__DUPLICATE_METHOD_MATCH = YES;
				COPY_PHASE_STRIP = NO;
				DEBUG_INFORMATION_FORMAT = "dwarf-with-dsym";
				ENABLE_NS_ASSERTIONS = NO;
				ENABLE_STRICT_OBJC_MSGSEND = YES;
				GCC_C_LANGUAGE_STANDARD = gnu11;
				GCC_NO_COMMON_BLOCKS = YES;
				GCC_WARN_64_TO_32_BIT_CONVERSION = YES;
				GCC_WARN_ABOUT_RETURN_TYPE = YES_ERROR;
				GCC_WARN_UNDECLARED_SELECTOR = YES;
				GCC_WARN_UNINITIALIZED_AUTOS = YES_AGGRESSIVE;
				GCC_WARN_UNUSED_FUNCTION = YES;
				GCC_WARN_UNUSED_VARIABLE = YES;
				MTL_ENABLE_DEBUG_INFO = NO;
				MTL_FAST_MATH = YES;
				SWIFT_COMPILATION_MODE = wholemodule;
				SWIFT_OPTIMIZATION_LEVEL = "-O";
			};
			name = Release;
		};
		AC9948F226001A00009A6A4F /* Debug */ = {
			isa = XCBuildConfiguration;
			buildSettings = {
				ASSETCATALOG_COMPILER_APPICON_NAME = AppIcon;
				ASSETCATALOG_COMPILER_GLOBAL_ACCENT_COLOR_NAME = AccentColor;
				CODE_SIGN_STYLE = Automatic;
				DEVELOPMENT_TEAM = QQALW399CP;
				ENABLE_PREVIEWS = YES;
				INFOPLIST_FILE = iOS/Info.plist;
				IPHONEOS_DEPLOYMENT_TARGET = 14.0;
				LD_RUNPATH_SEARCH_PATHS = (
					"$(inherited)",
					"@executable_path/Frameworks",
				);
				PRODUCT_BUNDLE_IDENTIFIER = "patrickjohnson.observable-demo";
				PRODUCT_NAME = "observable-demo";
				SDKROOT = iphoneos;
				SWIFT_VERSION = 5.0;
				TARGETED_DEVICE_FAMILY = "1,2";
			};
			name = Debug;
		};
		AC9948F326001A00009A6A4F /* Release */ = {
			isa = XCBuildConfiguration;
			buildSettings = {
				ASSETCATALOG_COMPILER_APPICON_NAME = AppIcon;
				ASSETCATALOG_COMPILER_GLOBAL_ACCENT_COLOR_NAME = AccentColor;
				CODE_SIGN_STYLE = Automatic;
				DEVELOPMENT_TEAM = QQALW399CP;
				ENABLE_PREVIEWS = YES;
				INFOPLIST_FILE = iOS/Info.plist;
				IPHONEOS_DEPLOYMENT_TARGET = 14.0;
				LD_RUNPATH_SEARCH_PATHS = (
					"$(inherited)",
					"@executable_path/Frameworks",
				);
				PRODUCT_BUNDLE_IDENTIFIER = "patrickjohnson.observable-demo";
				PRODUCT_NAME = "observable-demo";
				SDKROOT = iphoneos;
				SWIFT_VERSION = 5.0;
				TARGETED_DEVICE_FAMILY = "1,2";
				VALIDATE_PRODUCT = YES;
			};
			name = Release;
		};
		AC9948F526001A00009A6A4F /* Debug */ = {
			isa = XCBuildConfiguration;
			buildSettings = {
				ASSETCATALOG_COMPILER_APPICON_NAME = AppIcon;
				ASSETCATALOG_COMPILER_GLOBAL_ACCENT_COLOR_NAME = AccentColor;
				CODE_SIGN_ENTITLEMENTS = macOS/macOS.entitlements;
				CODE_SIGN_STYLE = Automatic;
				COMBINE_HIDPI_IMAGES = YES;
				DEVELOPMENT_TEAM = QQALW399CP;
				ENABLE_HARDENED_RUNTIME = YES;
				ENABLE_PREVIEWS = YES;
				INFOPLIST_FILE = macOS/Info.plist;
				LD_RUNPATH_SEARCH_PATHS = (
					"$(inherited)",
					"@executable_path/../Frameworks",
				);
				MACOSX_DEPLOYMENT_TARGET = 11.0;
				PRODUCT_BUNDLE_IDENTIFIER = "patrickjohnson.observable-demo";
				PRODUCT_NAME = "observable-demo";
				SDKROOT = macosx;
				SWIFT_VERSION = 5.0;
			};
			name = Debug;
		};
		AC9948F626001A00009A6A4F /* Release */ = {
			isa = XCBuildConfiguration;
			buildSettings = {
				ASSETCATALOG_COMPILER_APPICON_NAME = AppIcon;
				ASSETCATALOG_COMPILER_GLOBAL_ACCENT_COLOR_NAME = AccentColor;
				CODE_SIGN_ENTITLEMENTS = macOS/macOS.entitlements;
				CODE_SIGN_STYLE = Automatic;
				COMBINE_HIDPI_IMAGES = YES;
				DEVELOPMENT_TEAM = QQALW399CP;
				ENABLE_HARDENED_RUNTIME = YES;
				ENABLE_PREVIEWS = YES;
				INFOPLIST_FILE = macOS/Info.plist;
				LD_RUNPATH_SEARCH_PATHS = (
					"$(inherited)",
					"@executable_path/../Frameworks",
				);
				MACOSX_DEPLOYMENT_TARGET = 11.0;
				PRODUCT_BUNDLE_IDENTIFIER = "patrickjohnson.observable-demo";
				PRODUCT_NAME = "observable-demo";
				SDKROOT = macosx;
				SWIFT_VERSION = 5.0;
			};
			name = Release;
		};
/* End XCBuildConfiguration section */

/* Begin XCConfigurationList section */
		AC9948D4260019FB009A6A4F /* Build configuration list for PBXProject "observable-demo" */ = {
			isa = XCConfigurationList;
			buildConfigurations = (
				AC9948EF26001A00009A6A4F /* Debug */,
				AC9948F026001A00009A6A4F /* Release */,
			);
			defaultConfigurationIsVisible = 0;
			defaultConfigurationName = Release;
		};
		AC9948F126001A00009A6A4F /* Build configuration list for PBXNativeTarget "observable-demo (iOS)" */ = {
			isa = XCConfigurationList;
			buildConfigurations = (
				AC9948F226001A00009A6A4F /* Debug */,
				AC9948F326001A00009A6A4F /* Release */,
			);
			defaultConfigurationIsVisible = 0;
			defaultConfigurationName = Release;
		};
		AC9948F426001A00009A6A4F /* Build configuration list for PBXNativeTarget "observable-demo (macOS)" */ = {
			isa = XCConfigurationList;
			buildConfigurations = (
				AC9948F526001A00009A6A4F /* Debug */,
				AC9948F626001A00009A6A4F /* Release */,
			);
			defaultConfigurationIsVisible = 0;
			defaultConfigurationName = Release;
		};
/* End XCConfigurationList section */
	};
	rootObject = AC9948D1260019FB009A6A4F /* Project object */;
}
